// !$*UTF8*$!
{
	archiveVersion = 1;
	classes = {
	};
	objectVersion = 56;
	objects = {

/* Begin PBXBuildFile section */
		9230A01B2BF78BF900BA22E6 /* iForMeApp.swift in Sources */ = {isa = PBXBuildFile; fileRef = 9230A01A2BF78BF900BA22E6 /* iForMeApp.swift */; };
		9230A01D2BF78BF900BA22E6 /* ContentView.swift in Sources */ = {isa = PBXBuildFile; fileRef = 9230A01C2BF78BF900BA22E6 /* ContentView.swift */; };
		9230A01F2BF78BFA00BA22E6 /* Assets.xcassets in Resources */ = {isa = PBXBuildFile; fileRef = 9230A01E2BF78BFA00BA22E6 /* Assets.xcassets */; };
		9230A0222BF78BFA00BA22E6 /* Preview Assets.xcassets in Resources */ = {isa = PBXBuildFile; fileRef = 9230A0212BF78BFA00BA22E6 /* Preview Assets.xcassets */; };
		9230A0292BF7988A00BA22E6 /* CalculatorView.swift in Sources */ = {isa = PBXBuildFile; fileRef = 9230A0282BF7988A00BA22E6 /* CalculatorView.swift */; };
		9230A02B2BF7A45E00BA22E6 /* MessageView.swift in Sources */ = {isa = PBXBuildFile; fileRef = 9230A02A2BF7A45D00BA22E6 /* MessageView.swift */; };
		9230A0332BF7A85C00BA22E6 /* MessageFilterExtension.swift in Sources */ = {isa = PBXBuildFile; fileRef = 9230A0322BF7A85C00BA22E6 /* MessageFilterExtension.swift */; };
		9230A0372BF7A85C00BA22E6 /* MessageFilter.appex in Embed Foundation Extensions */ = {isa = PBXBuildFile; fileRef = 9230A0302BF7A85C00BA22E6 /* MessageFilter.appex */; settings = {ATTRIBUTES = (RemoveHeadersOnCopy, ); }; };
/* End PBXBuildFile section */

/* Begin PBXContainerItemProxy section */
		9230A0352BF7A85C00BA22E6 /* PBXContainerItemProxy */ = {
			isa = PBXContainerItemProxy;
			containerPortal = 9230A00F2BF78BF900BA22E6 /* Project object */;
			proxyType = 1;
			remoteGlobalIDString = 9230A02F2BF7A85C00BA22E6;
			remoteInfo = MessageFilter;
		};
/* End PBXContainerItemProxy section */

/* Begin PBXCopyFilesBuildPhase section */
		9230A03B2BF7A85C00BA22E6 /* Embed Foundation Extensions */ = {
			isa = PBXCopyFilesBuildPhase;
			buildActionMask = 2147483647;
			dstPath = "";
			dstSubfolderSpec = 13;
			files = (
				9230A0372BF7A85C00BA22E6 /* MessageFilter.appex in Embed Foundation Extensions */,
			);
			name = "Embed Foundation Extensions";
			runOnlyForDeploymentPostprocessing = 0;
		};
/* End PBXCopyFilesBuildPhase section */

/* Begin PBXFileReference section */
		9230A0172BF78BF900BA22E6 /* iForMe.app */ = {isa = PBXFileReference; explicitFileType = wrapper.application; includeInIndex = 0; path = iForMe.app; sourceTree = BUILT_PRODUCTS_DIR; };
		9230A01A2BF78BF900BA22E6 /* iForMeApp.swift */ = {isa = PBXFileReference; lastKnownFileType = sourcecode.swift; path = iForMeApp.swift; sourceTree = "<group>"; };
		9230A01C2BF78BF900BA22E6 /* ContentView.swift */ = {isa = PBXFileReference; lastKnownFileType = sourcecode.swift; path = ContentView.swift; sourceTree = "<group>"; };
		9230A01E2BF78BFA00BA22E6 /* Assets.xcassets */ = {isa = PBXFileReference; lastKnownFileType = folder.assetcatalog; path = Assets.xcassets; sourceTree = "<group>"; };
		9230A0212BF78BFA00BA22E6 /* Preview Assets.xcassets */ = {isa = PBXFileReference; lastKnownFileType = folder.assetcatalog; path = "Preview Assets.xcassets"; sourceTree = "<group>"; };
		9230A0282BF7988A00BA22E6 /* CalculatorView.swift */ = {isa = PBXFileReference; lastKnownFileType = sourcecode.swift; path = CalculatorView.swift; sourceTree = "<group>"; };
		9230A02A2BF7A45D00BA22E6 /* MessageView.swift */ = {isa = PBXFileReference; lastKnownFileType = sourcecode.swift; path = MessageView.swift; sourceTree = "<group>"; };
		9230A0302BF7A85C00BA22E6 /* MessageFilter.appex */ = {isa = PBXFileReference; explicitFileType = "wrapper.app-extension"; includeInIndex = 0; path = MessageFilter.appex; sourceTree = BUILT_PRODUCTS_DIR; };
		9230A0322BF7A85C00BA22E6 /* MessageFilterExtension.swift */ = {isa = PBXFileReference; lastKnownFileType = sourcecode.swift; path = MessageFilterExtension.swift; sourceTree = "<group>"; };
		9230A0342BF7A85C00BA22E6 /* Info.plist */ = {isa = PBXFileReference; lastKnownFileType = text.plist.xml; path = Info.plist; sourceTree = "<group>"; };
/* End PBXFileReference section */

/* Begin PBXFrameworksBuildPhase section */
		9230A0142BF78BF900BA22E6 /* Frameworks */ = {
			isa = PBXFrameworksBuildPhase;
			buildActionMask = 2147483647;
			files = (
			);
			runOnlyForDeploymentPostprocessing = 0;
		};
		9230A02D2BF7A85C00BA22E6 /* Frameworks */ = {
			isa = PBXFrameworksBuildPhase;
			buildActionMask = 2147483647;
			files = (
			);
			runOnlyForDeploymentPostprocessing = 0;
		};
/* End PBXFrameworksBuildPhase section */

/* Begin PBXGroup section */
		9230A00E2BF78BF900BA22E6 = {
			isa = PBXGroup;
			children = (
				9230A0192BF78BF900BA22E6 /* iForMe */,
				9230A0312BF7A85C00BA22E6 /* MessageFilter */,
				9230A0182BF78BF900BA22E6 /* Products */,
			);
			sourceTree = "<group>";
		};
		9230A0182BF78BF900BA22E6 /* Products */ = {
			isa = PBXGroup;
			children = (
				9230A0172BF78BF900BA22E6 /* iForMe.app */,
				9230A0302BF7A85C00BA22E6 /* MessageFilter.appex */,
			);
			name = Products;
			sourceTree = "<group>";
		};
		9230A0192BF78BF900BA22E6 /* iForMe */ = {
			isa = PBXGroup;
			children = (
				9230A01A2BF78BF900BA22E6 /* iForMeApp.swift */,
				9230A01C2BF78BF900BA22E6 /* ContentView.swift */,
				9230A01E2BF78BFA00BA22E6 /* Assets.xcassets */,
				9230A0202BF78BFA00BA22E6 /* Preview Content */,
				9230A0282BF7988A00BA22E6 /* CalculatorView.swift */,
				9230A02A2BF7A45D00BA22E6 /* MessageView.swift */,
			);
			path = iForMe;
			sourceTree = "<group>";
		};
		9230A0202BF78BFA00BA22E6 /* Preview Content */ = {
			isa = PBXGroup;
			children = (
				9230A0212BF78BFA00BA22E6 /* Preview Assets.xcassets */,
			);
			path = "Preview Content";
			sourceTree = "<group>";
		};
		9230A0312BF7A85C00BA22E6 /* MessageFilter */ = {
			isa = PBXGroup;
			children = (
				9230A0322BF7A85C00BA22E6 /* MessageFilterExtension.swift */,
				9230A0342BF7A85C00BA22E6 /* Info.plist */,
			);
			path = MessageFilter;
			sourceTree = "<group>";
		};
/* End PBXGroup section */

/* Begin PBXNativeTarget section */
		9230A0162BF78BF900BA22E6 /* iForMe */ = {
			isa = PBXNativeTarget;
			buildConfigurationList = 9230A0252BF78BFA00BA22E6 /* Build configuration list for PBXNativeTarget "iForMe" */;
			buildPhases = (
				9230A0132BF78BF900BA22E6 /* Sources */,
				9230A0142BF78BF900BA22E6 /* Frameworks */,
				9230A0152BF78BF900BA22E6 /* Resources */,
				9230A03B2BF7A85C00BA22E6 /* Embed Foundation Extensions */,
			);
			buildRules = (
			);
			dependencies = (
				9230A0362BF7A85C00BA22E6 /* PBXTargetDependency */,
			);
			name = iForMe;
			productName = iForMe;
			productReference = 9230A0172BF78BF900BA22E6 /* iForMe.app */;
			productType = "com.apple.product-type.application";
		};
		9230A02F2BF7A85C00BA22E6 /* MessageFilter */ = {
			isa = PBXNativeTarget;
			buildConfigurationList = 9230A0382BF7A85C00BA22E6 /* Build configuration list for PBXNativeTarget "MessageFilter" */;
			buildPhases = (
				9230A02C2BF7A85C00BA22E6 /* Sources */,
				9230A02D2BF7A85C00BA22E6 /* Frameworks */,
				9230A02E2BF7A85C00BA22E6 /* Resources */,
			);
			buildRules = (
			);
			dependencies = (
			);
			name = MessageFilter;
			productName = MessageFilter;
			productReference = 9230A0302BF7A85C00BA22E6 /* MessageFilter.appex */;
			productType = "com.apple.product-type.app-extension";
		};
/* End PBXNativeTarget section */

/* Begin PBXProject section */
		9230A00F2BF78BF900BA22E6 /* Project object */ = {
			isa = PBXProject;
			attributes = {
				BuildIndependentTargetsInParallel = 1;
				LastSwiftUpdateCheck = 1540;
				LastUpgradeCheck = 1540;
				TargetAttributes = {
					9230A0162BF78BF900BA22E6 = {
						CreatedOnToolsVersion = 15.4;
					};
					9230A02F2BF7A85C00BA22E6 = {
						CreatedOnToolsVersion = 15.4;
					};
				};
			};
			buildConfigurationList = 9230A0122BF78BF900BA22E6 /* Build configuration list for PBXProject "iForMe" */;
			compatibilityVersion = "Xcode 14.0";
			developmentRegion = en;
			hasScannedForEncodings = 0;
			knownRegions = (
				en,
				Base,
			);
			mainGroup = 9230A00E2BF78BF900BA22E6;
			productRefGroup = 9230A0182BF78BF900BA22E6 /* Products */;
			projectDirPath = "";
			projectRoot = "";
			targets = (
				9230A0162BF78BF900BA22E6 /* iForMe */,
				9230A02F2BF7A85C00BA22E6 /* MessageFilter */,
			);
		};
/* End PBXProject section */

/* Begin PBXResourcesBuildPhase section */
		9230A0152BF78BF900BA22E6 /* Resources */ = {
			isa = PBXResourcesBuildPhase;
			buildActionMask = 2147483647;
			files = (
				9230A0222BF78BFA00BA22E6 /* Preview Assets.xcassets in Resources */,
				9230A01F2BF78BFA00BA22E6 /* Assets.xcassets in Resources */,
			);
			runOnlyForDeploymentPostprocessing = 0;
		};
		9230A02E2BF7A85C00BA22E6 /* Resources */ = {
			isa = PBXResourcesBuildPhase;
			buildActionMask = 2147483647;
			files = (
			);
			runOnlyForDeploymentPostprocessing = 0;
		};
/* End PBXResourcesBuildPhase section */

/* Begin PBXSourcesBuildPhase section */
		9230A0132BF78BF900BA22E6 /* Sources */ = {
			isa = PBXSourcesBuildPhase;
			buildActionMask = 2147483647;
			files = (
				9230A02B2BF7A45E00BA22E6 /* MessageView.swift in Sources */,
				9230A01D2BF78BF900BA22E6 /* ContentView.swift in Sources */,
				9230A0292BF7988A00BA22E6 /* CalculatorView.swift in Sources */,
				9230A01B2BF78BF900BA22E6 /* iForMeApp.swift in Sources */,
			);
			runOnlyForDeploymentPostprocessing = 0;
		};
		9230A02C2BF7A85C00BA22E6 /* Sources */ = {
			isa = PBXSourcesBuildPhase;
			buildActionMask = 2147483647;
			files = (
				9230A0332BF7A85C00BA22E6 /* MessageFilterExtension.swift in Sources */,
			);
			runOnlyForDeploymentPostprocessing = 0;
		};
/* End PBXSourcesBuildPhase section */

/* Begin PBXTargetDependency section */
		9230A0362BF7A85C00BA22E6 /* PBXTargetDependency */ = {
			isa = PBXTargetDependency;
			target = 9230A02F2BF7A85C00BA22E6 /* MessageFilter */;
			targetProxy = 9230A0352BF7A85C00BA22E6 /* PBXContainerItemProxy */;
		};
/* End PBXTargetDependency section */

/* Begin XCBuildConfiguration section */
		9230A0232BF78BFA00BA22E6 /* Debug */ = {
			isa = XCBuildConfiguration;
			buildSettings = {
				ALWAYS_SEARCH_USER_PATHS = NO;
				ASSETCATALOG_COMPILER_GENERATE_SWIFT_ASSET_SYMBOL_EXTENSIONS = YES;
				CLANG_ANALYZER_NONNULL = YES;
				CLANG_ANALYZER_NUMBER_OBJECT_CONVERSION = YES_AGGRESSIVE;
				CLANG_CXX_LANGUAGE_STANDARD = "gnu++20";
				CLANG_ENABLE_MODULES = YES;
				CLANG_ENABLE_OBJC_ARC = YES;
				CLANG_ENABLE_OBJC_WEAK = YES;
				CLANG_WARN_BLOCK_CAPTURE_AUTORELEASING = YES;
				CLANG_WARN_BOOL_CONVERSION = YES;
				CLANG_WARN_COMMA = YES;
				CLANG_WARN_CONSTANT_CONVERSION = YES;
				CLANG_WARN_DEPRECATED_OBJC_IMPLEMENTATIONS = YES;
				CLANG_WARN_DIRECT_OBJC_ISA_USAGE = YES_ERROR;
				CLANG_WARN_DOCUMENTATION_COMMENTS = YES;
				CLANG_WARN_EMPTY_BODY = YES;
				CLANG_WARN_ENUM_CONVERSION = YES;
				CLANG_WARN_INFINITE_RECURSION = YES;
				CLANG_WARN_INT_CONVERSION = YES;
				CLANG_WARN_NON_LITERAL_NULL_CONVERSION = YES;
				CLANG_WARN_OBJC_IMPLICIT_RETAIN_SELF = YES;
				CLANG_WARN_OBJC_LITERAL_CONVERSION = YES;
				CLANG_WARN_OBJC_ROOT_CLASS = YES_ERROR;
				CLANG_WARN_QUOTED_INCLUDE_IN_FRAMEWORK_HEADER = YES;
				CLANG_WARN_RANGE_LOOP_ANALYSIS = YES;
				CLANG_WARN_STRICT_PROTOTYPES = YES;
				CLANG_WARN_SUSPICIOUS_MOVE = YES;
				CLANG_WARN_UNGUARDED_AVAILABILITY = YES_AGGRESSIVE;
				CLANG_WARN_UNREACHABLE_CODE = YES;
				CLANG_WARN__DUPLICATE_METHOD_MATCH = YES;
				COPY_PHASE_STRIP = NO;
				DEBUG_INFORMATION_FORMAT = dwarf;
				ENABLE_STRICT_OBJC_MSGSEND = YES;
				ENABLE_TESTABILITY = YES;
				ENABLE_USER_SCRIPT_SANDBOXING = YES;
				GCC_C_LANGUAGE_STANDARD = gnu17;
				GCC_DYNAMIC_NO_PIC = NO;
				GCC_NO_COMMON_BLOCKS = YES;
				GCC_OPTIMIZATION_LEVEL = 0;
				GCC_PREPROCESSOR_DEFINITIONS = (
					"DEBUG=1",
					"$(inherited)",
				);
				GCC_WARN_64_TO_32_BIT_CONVERSION = YES;
				GCC_WARN_ABOUT_RETURN_TYPE = YES_ERROR;
				GCC_WARN_UNDECLARED_SELECTOR = YES;
				GCC_WARN_UNINITIALIZED_AUTOS = YES_AGGRESSIVE;
				GCC_WARN_UNUSED_FUNCTION = YES;
				GCC_WARN_UNUSED_VARIABLE = YES;
				IPHONEOS_DEPLOYMENT_TARGET = 17.5;
				LOCALIZATION_PREFERS_STRING_CATALOGS = YES;
				MTL_ENABLE_DEBUG_INFO = INCLUDE_SOURCE;
				MTL_FAST_MATH = YES;
				ONLY_ACTIVE_ARCH = YES;
				SDKROOT = iphoneos;
				SWIFT_ACTIVE_COMPILATION_CONDITIONS = "DEBUG $(inherited)";
				SWIFT_OPTIMIZATION_LEVEL = "-Onone";
			};
			name = Debug;
		};
		9230A0242BF78BFA00BA22E6 /* Release */ = {
			isa = XCBuildConfiguration;
			buildSettings = {
				ALWAYS_SEARCH_USER_PATHS = NO;
				ASSETCATALOG_COMPILER_GENERATE_SWIFT_ASSET_SYMBOL_EXTENSIONS = YES;
				CLANG_ANALYZER_NONNULL = YES;
				CLANG_ANALYZER_NUMBER_OBJECT_CONVERSION = YES_AGGRESSIVE;
				CLANG_CXX_LANGUAGE_STANDARD = "gnu++20";
				CLANG_ENABLE_MODULES = YES;
				CLANG_ENABLE_OBJC_ARC = YES;
				CLANG_ENABLE_OBJC_WEAK = YES;
				CLANG_WARN_BLOCK_CAPTURE_AUTORELEASING = YES;
				CLANG_WARN_BOOL_CONVERSION = YES;
				CLANG_WARN_COMMA = YES;
				CLANG_WARN_CONSTANT_CONVERSION = YES;
				CLANG_WARN_DEPRECATED_OBJC_IMPLEMENTATIONS = YES;
				CLANG_WARN_DIRECT_OBJC_ISA_USAGE = YES_ERROR;
				CLANG_WARN_DOCUMENTATION_COMMENTS = YES;
				CLANG_WARN_EMPTY_BODY = YES;
				CLANG_WARN_ENUM_CONVERSION = YES;
				CLANG_WARN_INFINITE_RECURSION = YES;
				CLANG_WARN_INT_CONVERSION = YES;
				CLANG_WARN_NON_LITERAL_NULL_CONVERSION = YES;
				CLANG_WARN_OBJC_IMPLICIT_RETAIN_SELF = YES;
				CLANG_WARN_OBJC_LITERAL_CONVERSION = YES;
				CLANG_WARN_OBJC_ROOT_CLASS = YES_ERROR;
				CLANG_WARN_QUOTED_INCLUDE_IN_FRAMEWORK_HEADER = YES;
				CLANG_WARN_RANGE_LOOP_ANALYSIS = YES;
				CLANG_WARN_STRICT_PROTOTYPES = YES;
				CLANG_WARN_SUSPICIOUS_MOVE = YES;
				CLANG_WARN_UNGUARDED_AVAILABILITY = YES_AGGRESSIVE;
				CLANG_WARN_UNREACHABLE_CODE = YES;
				CLANG_WARN__DUPLICATE_METHOD_MATCH = YES;
				COPY_PHASE_STRIP = NO;
				DEBUG_INFORMATION_FORMAT = "dwarf-with-dsym";
				ENABLE_NS_ASSERTIONS = NO;
				ENABLE_STRICT_OBJC_MSGSEND = YES;
				ENABLE_USER_SCRIPT_SANDBOXING = YES;
				GCC_C_LANGUAGE_STANDARD = gnu17;
				GCC_NO_COMMON_BLOCKS = YES;
				GCC_WARN_64_TO_32_BIT_CONVERSION = YES;
				GCC_WARN_ABOUT_RETURN_TYPE = YES_ERROR;
				GCC_WARN_UNDECLARED_SELECTOR = YES;
				GCC_WARN_UNINITIALIZED_AUTOS = YES_AGGRESSIVE;
				GCC_WARN_UNUSED_FUNCTION = YES;
				GCC_WARN_UNUSED_VARIABLE = YES;
				IPHONEOS_DEPLOYMENT_TARGET = 17.5;
				LOCALIZATION_PREFERS_STRING_CATALOGS = YES;
				MTL_ENABLE_DEBUG_INFO = NO;
				MTL_FAST_MATH = YES;
				SDKROOT = iphoneos;
				SWIFT_COMPILATION_MODE = wholemodule;
				VALIDATE_PRODUCT = YES;
			};
			name = Release;
		};
		9230A0262BF78BFA00BA22E6 /* Debug */ = {
			isa = XCBuildConfiguration;
			buildSettings = {
				ALWAYS_EMBED_SWIFT_STANDARD_LIBRARIES = YES;
				ASSETCATALOG_COMPILER_APPICON_NAME = AppIcon;
				ASSETCATALOG_COMPILER_GLOBAL_ACCENT_COLOR_NAME = AccentColor;
				CODE_SIGN_STYLE = Automatic;
				CURRENT_PROJECT_VERSION = 1;
				DEVELOPMENT_ASSET_PATHS = "\"iForMe/Preview Content\"";
				DEVELOPMENT_TEAM = 4V6TJDWGK9;
				ENABLE_PREVIEWS = YES;
				GENERATE_INFOPLIST_FILE = YES;
				INFOPLIST_KEY_UIApplicationSceneManifest_Generation = YES;
				INFOPLIST_KEY_UIApplicationSupportsIndirectInputEvents = YES;
				INFOPLIST_KEY_UILaunchScreen_Generation = YES;
				INFOPLIST_KEY_UISupportedInterfaceOrientations_iPad = "UIInterfaceOrientationPortrait UIInterfaceOrientationPortraitUpsideDown UIInterfaceOrientationLandscapeLeft UIInterfaceOrientationLandscapeRight";
				INFOPLIST_KEY_UISupportedInterfaceOrientations_iPhone = "UIInterfaceOrientationPortrait UIInterfaceOrientationLandscapeLeft UIInterfaceOrientationLandscapeRight";
				LD_RUNPATH_SEARCH_PATHS = (
					"$(inherited)",
					"@executable_path/Frameworks",
				);
				MARKETING_VERSION = 1.0;
				PRODUCT_BUNDLE_IDENTIFIER = com.personal.iForMe;
				PRODUCT_NAME = "$(TARGET_NAME)";
				SWIFT_EMIT_LOC_STRINGS = YES;
				SWIFT_VERSION = 5.0;
				TARGETED_DEVICE_FAMILY = "1,2";
			};
			name = Debug;
		};
		9230A0272BF78BFA00BA22E6 /* Release */ = {
			isa = XCBuildConfiguration;
			buildSettings = {
				ALWAYS_EMBED_SWIFT_STANDARD_LIBRARIES = YES;
				ASSETCATALOG_COMPILER_APPICON_NAME = AppIcon;
				ASSETCATALOG_COMPILER_GLOBAL_ACCENT_COLOR_NAME = AccentColor;
				CODE_SIGN_STYLE = Automatic;
				CURRENT_PROJECT_VERSION = 1;
				DEVELOPMENT_ASSET_PATHS = "\"iForMe/Preview Content\"";
				DEVELOPMENT_TEAM = 4V6TJDWGK9;
				ENABLE_PREVIEWS = YES;
				GENERATE_INFOPLIST_FILE = YES;
				INFOPLIST_KEY_UIApplicationSceneManifest_Generation = YES;
				INFOPLIST_KEY_UIApplicationSupportsIndirectInputEvents = YES;
				INFOPLIST_KEY_UILaunchScreen_Generation = YES;
				INFOPLIST_KEY_UISupportedInterfaceOrientations_iPad = "UIInterfaceOrientationPortrait UIInterfaceOrientationPortraitUpsideDown UIInterfaceOrientationLandscapeLeft UIInterfaceOrientationLandscapeRight";
				INFOPLIST_KEY_UISupportedInterfaceOrientations_iPhone = "UIInterfaceOrientationPortrait UIInterfaceOrientationLandscapeLeft UIInterfaceOrientationLandscapeRight";
				LD_RUNPATH_SEARCH_PATHS = (
					"$(inherited)",
					"@executable_path/Frameworks",
				);
				MARKETING_VERSION = 1.0;
				PRODUCT_BUNDLE_IDENTIFIER = com.personal.iForMe;
				PRODUCT_NAME = "$(TARGET_NAME)";
				SWIFT_EMIT_LOC_STRINGS = YES;
				SWIFT_VERSION = 5.0;
				TARGETED_DEVICE_FAMILY = "1,2";
			};
			name = Release;
		};
		9230A0392BF7A85C00BA22E6 /* Debug */ = {
			isa = XCBuildConfiguration;
			buildSettings = {
				CODE_SIGN_STYLE = Automatic;
				CURRENT_PROJECT_VERSION = 1;
				DEVELOPMENT_TEAM = 4V6TJDWGK9;
				GENERATE_INFOPLIST_FILE = YES;
				INFOPLIST_FILE = MessageFilter/Info.plist;
				INFOPLIST_KEY_CFBundleDisplayName = MessageFilter;
				INFOPLIST_KEY_NSHumanReadableCopyright = "";
				LD_RUNPATH_SEARCH_PATHS = (
					"$(inherited)",
					"@executable_path/Frameworks",
					"@executable_path/../../Frameworks",
				);
				MARKETING_VERSION = 1.0;
				PRODUCT_BUNDLE_IDENTIFIER = com.personal.iForMe.MessageFilter;
				PRODUCT_NAME = "$(TARGET_NAME)";
				SKIP_INSTALL = YES;
				SWIFT_EMIT_LOC_STRINGS = YES;
				SWIFT_VERSION = 5.0;
				TARGETED_DEVICE_FAMILY = "1,2";
			};
			name = Debug;
		};
		9230A03A2BF7A85C00BA22E6 /* Release */ = {
			isa = XCBuildConfiguration;
			buildSettings = {
				CODE_SIGN_STYLE = Automatic;
				CURRENT_PROJECT_VERSION = 1;
				DEVELOPMENT_TEAM = 4V6TJDWGK9;
				GENERATE_INFOPLIST_FILE = YES;
				INFOPLIST_FILE = MessageFilter/Info.plist;
				INFOPLIST_KEY_CFBundleDisplayName = MessageFilter;
				INFOPLIST_KEY_NSHumanReadableCopyright = "";
				LD_RUNPATH_SEARCH_PATHS = (
					"$(inherited)",
					"@executable_path/Frameworks",
					"@executable_path/../../Frameworks",
				);
				MARKETING_VERSION = 1.0;
				PRODUCT_BUNDLE_IDENTIFIER = com.personal.iForMe.MessageFilter;
				PRODUCT_NAME = "$(TARGET_NAME)";
				SKIP_INSTALL = YES;
				SWIFT_EMIT_LOC_STRINGS = YES;
				SWIFT_VERSION = 5.0;
				TARGETED_DEVICE_FAMILY = "1,2";
			};
			name = Release;
		};
/* End XCBuildConfiguration section */

/* Begin XCConfigurationList section */
		9230A0122BF78BF900BA22E6 /* Build configuration list for PBXProject "iForMe" */ = {
			isa = XCConfigurationList;
			buildConfigurations = (
				9230A0232BF78BFA00BA22E6 /* Debug */,
				9230A0242BF78BFA00BA22E6 /* Release */,
			);
			defaultConfigurationIsVisible = 0;
			defaultConfigurationName = Release;
		};
		9230A0252BF78BFA00BA22E6 /* Build configuration list for PBXNativeTarget "iForMe" */ = {
			isa = XCConfigurationList;
			buildConfigurations = (
				9230A0262BF78BFA00BA22E6 /* Debug */,
				9230A0272BF78BFA00BA22E6 /* Release */,
			);
			defaultConfigurationIsVisible = 0;
			defaultConfigurationName = Release;
		};
		9230A0382BF7A85C00BA22E6 /* Build configuration list for PBXNativeTarget "MessageFilter" */ = {
			isa = XCConfigurationList;
			buildConfigurations = (
				9230A0392BF7A85C00BA22E6 /* Debug */,
				9230A03A2BF7A85C00BA22E6 /* Release */,
			);
			defaultConfigurationIsVisible = 0;
			defaultConfigurationName = Release;
		};
/* End XCConfigurationList section */
	};
	rootObject = 9230A00F2BF78BF900BA22E6 /* Project object */;
}
